
Microsoft Visual Studio Solution File, Format Version 12.00
# Visual Studio Version 17
VisualStudioVersion = 17.3.32811.315
MinimumVisualStudioVersion = 10.0.40219.1
Project("{9A19103F-16F7-4668-BE54-9A1E7A4F7556}") = "ConsoleApp1", "ConsoleApp1\ConsoleApp1.csproj", "{8D0B19D1-F555-4855-AC19-FA8EEE5413ED}"
EndProject
Project("{9A19103F-16F7-4668-BE54-9A1E7A4F7556}") = "HackerRank Challenges", "HackerRank Challenges\HackerRank Challenges.csproj", "{69080BA9-30B1-4018-A636-BC907C4AC909}"
EndProject
Project("{9A19103F-16F7-4668-BE54-9A1E7A4F7556}") = "FizzBuzz", "FizzBuzz\FizzBuzz.csproj", "{423B063C-35C1-4095-915A-AD810BF96970}"
EndProject
Project("{9A19103F-16F7-4668-BE54-9A1E7A4F7556}") = "Highest and lowest", "Highest and lowest\Highest and lowest.csproj", "{52A9E7EC-48A9-47F4-86EB-9AA09B33F779}"
EndProject
Project("{9A19103F-16F7-4668-BE54-9A1E7A4F7556}") = "Calculate Average", "Calculate Average\Calculate Average.csproj", "{4DF71336-84BB-4908-8036-A9A1721586AB}"
EndProject
Project("{9A19103F-16F7-4668-BE54-9A1E7A4F7556}") = "Reverse order", "Reverse order\Reverse order.csproj", "{F82E911C-46F0-445A-8115-B8569900242A}"
EndProject
Project("{9A19103F-16F7-4668-BE54-9A1E7A4F7556}") = "EvenOrOdd", "EvenOrOdd\EvenOrOdd.csproj", "{603E9420-1482-4004-978A-64A99455553D}"
EndProject
Project("{9A19103F-16F7-4668-BE54-9A1E7A4F7556}") = "BlackJackGame", "BlackJackGame\BlackJackGame.csproj", "{977FBF7C-0EDE-4A44-BA8D-993FC2D49EFA}"
EndProject
Project("{9A19103F-16F7-4668-BE54-9A1E7A4F7556}") = "nonrepeatingCharactor", "nonrepeatingCharactor\nonrepeatingCharactor.csproj", "{9E4AE4F2-68E8-43E8-B117-75BC1032172B}"
EndProject
Project("{FAE04EC0-301F-11D3-BF4B-00C04F79EFBC}") = "nonrepeatingChars", "nonrepeatingChars\nonrepeatingChars.csproj", "{8EA6FD9D-D82F-438C-832B-2BE7D307B935}"
EndProject
Project("{FAE04EC0-301F-11D3-BF4B-00C04F79EFBC}") = "Two Sum", "Two Sum\Two Sum.csproj", "{9A105C3C-3B15-4950-B9A2-5F3F48C94C83}"
EndProject
Project("{FAE04EC0-301F-11D3-BF4B-00C04F79EFBC}") = "3Sum", "3Sum\3Sum.csproj", "{1DDCB615-CF66-4228-A13A-0BA702866ECE}"
EndProject
Project("{FAE04EC0-301F-11D3-BF4B-00C04F79EFBC}") = "Concatenation of array", "Concatenation of array\Concatenation of array.csproj", "{1B9ADCC5-F018-423B-B9AE-5B4C40E21C41}"
EndProject
Project("{FAE04EC0-301F-11D3-BF4B-00C04F79EFBC}") = "TestDome screening", "TestDome screening\TestDome screening.csproj", "{33DACED3-58AA-4780-8456-8383A0DBAF71}"
EndProject
Project("{FAE04EC0-301F-11D3-BF4B-00C04F79EFBC}") = "TestDome Maga Store", "TestDome Maga Store\TestDome Maga Store.csproj", "{028E5480-DD78-4C9A-8F8C-7D7ABCFED0C7}"
EndProject
Project("{FAE04EC0-301F-11D3-BF4B-00C04F79EFBC}") = "Test dome Mega store simple", "Test dome Mega store simple\Test dome Mega store simple.csproj", "{62E2461F-45CF-4ED9-AA26-FFB0919F315E}"
EndProject
Project("{FAE04EC0-301F-11D3-BF4B-00C04F79EFBC}") = "Boat Movements 2D array", "Boat Movements 2D array\Boat Movements 2D array.csproj", "{72BCAE92-9781-4FC1-AD1C-11A44EF48B58}"
EndProject
Project("{FAE04EC0-301F-11D3-BF4B-00C04F79EFBC}") = "dotdigital assessment", "dotdigital assessment\dotdigital assessment.csproj", "{33EFEF1A-BF28-4C37-8C00-09D897CE8474}"
EndProject
Project("{FAE04EC0-301F-11D3-BF4B-00C04F79EFBC}") = "Sliding window", "Sliding window\Sliding window.csproj", "{A2703F79-9602-4AB5-8389-E799B8F57FF1}"
EndProject
Global
	GlobalSection(SolutionConfigurationPlatforms) = preSolution
		Debug|Any CPU = Debug|Any CPU
		Release|Any CPU = Release|Any CPU
	EndGlobalSection
	GlobalSection(ProjectConfigurationPlatforms) = postSolution
		{8D0B19D1-F555-4855-AC19-FA8EEE5413ED}.Debug|Any CPU.ActiveCfg = Debug|Any CPU
		{8D0B19D1-F555-4855-AC19-FA8EEE5413ED}.Debug|Any CPU.Build.0 = Debug|Any CPU
		{8D0B19D1-F555-4855-AC19-FA8EEE5413ED}.Release|Any CPU.ActiveCfg = Release|Any CPU
		{8D0B19D1-F555-4855-AC19-FA8EEE5413ED}.Release|Any CPU.Build.0 = Release|Any CPU
		{69080BA9-30B1-4018-A636-BC907C4AC909}.Debug|Any CPU.ActiveCfg = Debug|Any CPU
		{69080BA9-30B1-4018-A636-BC907C4AC909}.Debug|Any CPU.Build.0 = Debug|Any CPU
		{69080BA9-30B1-4018-A636-BC907C4AC909}.Release|Any CPU.ActiveCfg = Release|Any CPU
		{69080BA9-30B1-4018-A636-BC907C4AC909}.Release|Any CPU.Build.0 = Release|Any CPU
		{423B063C-35C1-4095-915A-AD810BF96970}.Debug|Any CPU.ActiveCfg = Debug|Any CPU
		{423B063C-35C1-4095-915A-AD810BF96970}.Debug|Any CPU.Build.0 = Debug|Any CPU
		{423B063C-35C1-4095-915A-AD810BF96970}.Release|Any CPU.ActiveCfg = Release|Any CPU
		{423B063C-35C1-4095-915A-AD810BF96970}.Release|Any CPU.Build.0 = Release|Any CPU
		{52A9E7EC-48A9-47F4-86EB-9AA09B33F779}.Debug|Any CPU.ActiveCfg = Debug|Any CPU
		{52A9E7EC-48A9-47F4-86EB-9AA09B33F779}.Debug|Any CPU.Build.0 = Debug|Any CPU
		{52A9E7EC-48A9-47F4-86EB-9AA09B33F779}.Release|Any CPU.ActiveCfg = Release|Any CPU
		{52A9E7EC-48A9-47F4-86EB-9AA09B33F779}.Release|Any CPU.Build.0 = Release|Any CPU
		{4DF71336-84BB-4908-8036-A9A1721586AB}.Debug|Any CPU.ActiveCfg = Debug|Any CPU
		{4DF71336-84BB-4908-8036-A9A1721586AB}.Debug|Any CPU.Build.0 = Debug|Any CPU
		{4DF71336-84BB-4908-8036-A9A1721586AB}.Release|Any CPU.ActiveCfg = Release|Any CPU
		{4DF71336-84BB-4908-8036-A9A1721586AB}.Release|Any CPU.Build.0 = Release|Any CPU
		{F82E911C-46F0-445A-8115-B8569900242A}.Debug|Any CPU.ActiveCfg = Debug|Any CPU
		{F82E911C-46F0-445A-8115-B8569900242A}.Debug|Any CPU.Build.0 = Debug|Any CPU
		{F82E911C-46F0-445A-8115-B8569900242A}.Release|Any CPU.ActiveCfg = Release|Any CPU
		{F82E911C-46F0-445A-8115-B8569900242A}.Release|Any CPU.Build.0 = Release|Any CPU
		{603E9420-1482-4004-978A-64A99455553D}.Debug|Any CPU.ActiveCfg = Debug|Any CPU
		{603E9420-1482-4004-978A-64A99455553D}.Debug|Any CPU.Build.0 = Debug|Any CPU
		{603E9420-1482-4004-978A-64A99455553D}.Release|Any CPU.ActiveCfg = Release|Any CPU
		{603E9420-1482-4004-978A-64A99455553D}.Release|Any CPU.Build.0 = Release|Any CPU
		{977FBF7C-0EDE-4A44-BA8D-993FC2D49EFA}.Debug|Any CPU.ActiveCfg = Debug|Any CPU
		{977FBF7C-0EDE-4A44-BA8D-993FC2D49EFA}.Debug|Any CPU.Build.0 = Debug|Any CPU
		{977FBF7C-0EDE-4A44-BA8D-993FC2D49EFA}.Release|Any CPU.ActiveCfg = Release|Any CPU
		{977FBF7C-0EDE-4A44-BA8D-993FC2D49EFA}.Release|Any CPU.Build.0 = Release|Any CPU
		{9E4AE4F2-68E8-43E8-B117-75BC1032172B}.Debug|Any CPU.ActiveCfg = Debug|Any CPU
		{9E4AE4F2-68E8-43E8-B117-75BC1032172B}.Debug|Any CPU.Build.0 = Debug|Any CPU
		{9E4AE4F2-68E8-43E8-B117-75BC1032172B}.Release|Any CPU.ActiveCfg = Release|Any CPU
		{9E4AE4F2-68E8-43E8-B117-75BC1032172B}.Release|Any CPU.Build.0 = Release|Any CPU
		{8EA6FD9D-D82F-438C-832B-2BE7D307B935}.Debug|Any CPU.ActiveCfg = Debug|Any CPU
		{8EA6FD9D-D82F-438C-832B-2BE7D307B935}.Debug|Any CPU.Build.0 = Debug|Any CPU
		{8EA6FD9D-D82F-438C-832B-2BE7D307B935}.Release|Any CPU.ActiveCfg = Release|Any CPU
		{8EA6FD9D-D82F-438C-832B-2BE7D307B935}.Release|Any CPU.Build.0 = Release|Any CPU
		{9A105C3C-3B15-4950-B9A2-5F3F48C94C83}.Debug|Any CPU.ActiveCfg = Debug|Any CPU
		{9A105C3C-3B15-4950-B9A2-5F3F48C94C83}.Debug|Any CPU.Build.0 = Debug|Any CPU
		{9A105C3C-3B15-4950-B9A2-5F3F48C94C83}.Release|Any CPU.ActiveCfg = Release|Any CPU
		{9A105C3C-3B15-4950-B9A2-5F3F48C94C83}.Release|Any CPU.Build.0 = Release|Any CPU
		{1DDCB615-CF66-4228-A13A-0BA702866ECE}.Debug|Any CPU.ActiveCfg = Debug|Any CPU
		{1DDCB615-CF66-4228-A13A-0BA702866ECE}.Debug|Any CPU.Build.0 = Debug|Any CPU
		{1DDCB615-CF66-4228-A13A-0BA702866ECE}.Release|Any CPU.ActiveCfg = Release|Any CPU
		{1DDCB615-CF66-4228-A13A-0BA702866ECE}.Release|Any CPU.Build.0 = Release|Any CPU
		{1B9ADCC5-F018-423B-B9AE-5B4C40E21C41}.Debug|Any CPU.ActiveCfg = Debug|Any CPU
		{1B9ADCC5-F018-423B-B9AE-5B4C40E21C41}.Debug|Any CPU.Build.0 = Debug|Any CPU
		{1B9ADCC5-F018-423B-B9AE-5B4C40E21C41}.Release|Any CPU.ActiveCfg = Release|Any CPU
		{1B9ADCC5-F018-423B-B9AE-5B4C40E21C41}.Release|Any CPU.Build.0 = Release|Any CPU
		{33DACED3-58AA-4780-8456-8383A0DBAF71}.Debug|Any CPU.ActiveCfg = Debug|Any CPU
		{33DACED3-58AA-4780-8456-8383A0DBAF71}.Debug|Any CPU.Build.0 = Debug|Any CPU
		{33DACED3-58AA-4780-8456-8383A0DBAF71}.Release|Any CPU.ActiveCfg = Release|Any CPU
		{33DACED3-58AA-4780-8456-8383A0DBAF71}.Release|Any CPU.Build.0 = Release|Any CPU
		{028E5480-DD78-4C9A-8F8C-7D7ABCFED0C7}.Debug|Any CPU.ActiveCfg = Debug|Any CPU
		{028E5480-DD78-4C9A-8F8C-7D7ABCFED0C7}.Debug|Any CPU.Build.0 = Debug|Any CPU
		{028E5480-DD78-4C9A-8F8C-7D7ABCFED0C7}.Release|Any CPU.ActiveCfg = Release|Any CPU
		{028E5480-DD78-4C9A-8F8C-7D7ABCFED0C7}.Release|Any CPU.Build.0 = Release|Any CPU
		{62E2461F-45CF-4ED9-AA26-FFB0919F315E}.Debug|Any CPU.ActiveCfg = Debug|Any CPU
		{62E2461F-45CF-4ED9-AA26-FFB0919F315E}.Debug|Any CPU.Build.0 = Debug|Any CPU
		{62E2461F-45CF-4ED9-AA26-FFB0919F315E}.Release|Any CPU.ActiveCfg = Release|Any CPU
		{62E2461F-45CF-4ED9-AA26-FFB0919F315E}.Release|Any CPU.Build.0 = Release|Any CPU
		{72BCAE92-9781-4FC1-AD1C-11A44EF48B58}.Debug|Any CPU.ActiveCfg = Debug|Any CPU
		{72BCAE92-9781-4FC1-AD1C-11A44EF48B58}.Debug|Any CPU.Build.0 = Debug|Any CPU
		{72BCAE92-9781-4FC1-AD1C-11A44EF48B58}.Release|Any CPU.ActiveCfg = Release|Any CPU
		{72BCAE92-9781-4FC1-AD1C-11A44EF48B58}.Release|Any CPU.Build.0 = Release|Any CPU
		{33EFEF1A-BF28-4C37-8C00-09D897CE8474}.Debug|Any CPU.ActiveCfg = Debug|Any CPU
		{33EFEF1A-BF28-4C37-8C00-09D897CE8474}.Debug|Any CPU.Build.0 = Debug|Any CPU
		{33EFEF1A-BF28-4C37-8C00-09D897CE8474}.Release|Any CPU.ActiveCfg = Release|Any CPU
		{33EFEF1A-BF28-4C37-8C00-09D897CE8474}.Release|Any CPU.Build.0 = Release|Any CPU
		{A2703F79-9602-4AB5-8389-E799B8F57FF1}.Debug|Any CPU.ActiveCfg = Debug|Any CPU
		{A2703F79-9602-4AB5-8389-E799B8F57FF1}.Debug|Any CPU.Build.0 = Debug|Any CPU
		{A2703F79-9602-4AB5-8389-E799B8F57FF1}.Release|Any CPU.ActiveCfg = Release|Any CPU
		{A2703F79-9602-4AB5-8389-E799B8F57FF1}.Release|Any CPU.Build.0 = Release|Any CPU
	EndGlobalSection
	GlobalSection(SolutionProperties) = preSolution
		HideSolutionNode = FALSE
	EndGlobalSection
	GlobalSection(ExtensibilityGlobals) = postSolution
		SolutionGuid = {522FF005-32E6-4ABB-BEA3-F0C6E41AB45A}
	EndGlobalSection
EndGlobal
