Microsoft Visual Studio Solution File, Format Version 12.00
# Visual Studio Version 17
VisualStudioVersion = 17.5.2.0
MinimumVisualStudioVersion = 10.0.40219.1
Project("{FAE04EC0-301F-11D3-BF4B-00C04F79EFBC}") = "Sliding window", "Sliding window.csproj", "{3B36CD95-0DF9-7254-BC7F-C7DCB381C8B8}"
EndProject
Project("{FAE04EC0-301F-11D3-BF4B-00C04F79EFBC}") = "HollardAssessment", "HollardAssessment\HollardAssessment.csproj", "{F19639FC-924E-483D-A9C7-61D5E5394560}"
EndProject
Global
	GlobalSection(SolutionConfigurationPlatforms) = preSolution
		Debug|Any CPU = Debug|Any CPU
		Release|Any CPU = Release|Any CPU
	EndGlobalSection
	GlobalSection(ProjectConfigurationPlatforms) = postSolution
		{3B36CD95-0DF9-7254-BC7F-C7DCB381C8B8}.Debug|Any CPU.ActiveCfg = Debug|Any CPU
		{3B36CD95-0DF9-7254-BC7F-C7DCB381C8B8}.Debug|Any CPU.Build.0 = Debug|Any CPU
		{3B36CD95-0DF9-7254-BC7F-C7DCB381C8B8}.Release|Any CPU.ActiveCfg = Release|Any CPU
		{3B36CD95-0DF9-7254-BC7F-C7DCB381C8B8}.Release|Any CPU.Build.0 = Release|Any CPU
		{F19639FC-924E-483D-A9C7-61D5E5394560}.Debug|Any CPU.ActiveCfg = Debug|Any CPU
		{F19639FC-924E-483D-A9C7-61D5E5394560}.Debug|Any CPU.Build.0 = Debug|Any CPU
		{F19639FC-924E-483D-A9C7-61D5E5394560}.Release|Any CPU.ActiveCfg = Release|Any CPU
		{F19639FC-924E-483D-A9C7-61D5E5394560}.Release|Any CPU.Build.0 = Release|Any CPU
	EndGlobalSection
	GlobalSection(SolutionProperties) = preSolution
		HideSolutionNode = FALSE
	EndGlobalSection
	GlobalSection(ExtensibilityGlobals) = postSolution
		SolutionGuid = {1995D321-C611-486D-9949-B21AD1250D86}
	EndGlobalSection
EndGlobal
