Microsoft Visual Studio Solution File, Format Version 12.00
# Visual Studio Version 17
VisualStudioVersion = 17.5.2.0
MinimumVisualStudioVersion = 10.0.40219.1
Project("{FAE04EC0-301F-11D3-BF4B-00C04F79EFBC}") = "Similar questions based on two sum", "Similar questions based on two sum.csproj", "{57066FAC-F9EF-433B-3BB6-453094AF00B9}"
EndProject
Global
	GlobalSection(SolutionConfigurationPlatforms) = preSolution
		Debug|Any CPU = Debug|Any CPU
		Release|Any CPU = Release|Any CPU
	EndGlobalSection
	GlobalSection(ProjectConfigurationPlatforms) = postSolution
		{57066FAC-F9EF-433B-3BB6-453094AF00B9}.Debug|Any CPU.ActiveCfg = Debug|Any CPU
		{57066FAC-F9EF-433B-3BB6-453094AF00B9}.Debug|Any CPU.Build.0 = Debug|Any CPU
		{57066FAC-F9EF-433B-3BB6-453094AF00B9}.Release|Any CPU.ActiveCfg = Release|Any CPU
		{57066FAC-F9EF-433B-3BB6-453094AF00B9}.Release|Any CPU.Build.0 = Release|Any CPU
	EndGlobalSection
	GlobalSection(SolutionProperties) = preSolution
		HideSolutionNode = FALSE
	EndGlobalSection
	GlobalSection(ExtensibilityGlobals) = postSolution
		SolutionGuid = {0C2C1DD6-C13A-4BEB-9622-03E0085AC656}
	EndGlobalSection
EndGlobal
